
Microsoft Visual Studio Solution File, Format Version 12.00
# Visual Studio 15
VisualStudioVersion = 15.0.28307.779
MinimumVisualStudioVersion = 10.0.40219.1
Project("{00D1A9C2-B5F0-4AF3-8072-F6C62B433612}") = "CompanyDb", "CompanyDb\CompanyDb.sqlproj", "{64F7C31A-BE54-45D6-8FB7-FEADECD96C00}"
EndProject
Project("{9A19103F-16F7-4668-BE54-9A1E7A4F7556}") = "CompanyApp", "CompanyApp\CompanyApp.csproj", "{8B5FFFC6-F17C-41A7-A010-26862565DDC5}"
EndProject
Project("{9A19103F-16F7-4668-BE54-9A1E7A4F7556}") = "CompanyAPI", "CompanyAPI\CompanyAPI.csproj", "{0FCB4117-7D2A-4077-A759-9ABE9EAAE565}"
EndProject
Global
	GlobalSection(SolutionConfigurationPlatforms) = preSolution
		Debug|Any CPU = Debug|Any CPU
		Release|Any CPU = Release|Any CPU
	EndGlobalSection
	GlobalSection(ProjectConfigurationPlatforms) = postSolution
		{64F7C31A-BE54-45D6-8FB7-FEADECD96C00}.Debug|Any CPU.ActiveCfg = Debug|Any CPU
		{64F7C31A-BE54-45D6-8FB7-FEADECD96C00}.Debug|Any CPU.Build.0 = Debug|Any CPU
		{64F7C31A-BE54-45D6-8FB7-FEADECD96C00}.Debug|Any CPU.Deploy.0 = Debug|Any CPU
		{64F7C31A-BE54-45D6-8FB7-FEADECD96C00}.Release|Any CPU.ActiveCfg = Release|Any CPU
		{64F7C31A-BE54-45D6-8FB7-FEADECD96C00}.Release|Any CPU.Build.0 = Release|Any CPU
		{64F7C31A-BE54-45D6-8FB7-FEADECD96C00}.Release|Any CPU.Deploy.0 = Release|Any CPU
		{8B5FFFC6-F17C-41A7-A010-26862565DDC5}.Debug|Any CPU.ActiveCfg = Debug|Any CPU
		{8B5FFFC6-F17C-41A7-A010-26862565DDC5}.Debug|Any CPU.Build.0 = Debug|Any CPU
		{8B5FFFC6-F17C-41A7-A010-26862565DDC5}.Release|Any CPU.ActiveCfg = Release|Any CPU
		{8B5FFFC6-F17C-41A7-A010-26862565DDC5}.Release|Any CPU.Build.0 = Release|Any CPU
		{0FCB4117-7D2A-4077-A759-9ABE9EAAE565}.Debug|Any CPU.ActiveCfg = Debug|Any CPU
		{0FCB4117-7D2A-4077-A759-9ABE9EAAE565}.Debug|Any CPU.Build.0 = Debug|Any CPU
		{0FCB4117-7D2A-4077-A759-9ABE9EAAE565}.Release|Any CPU.ActiveCfg = Release|Any CPU
		{0FCB4117-7D2A-4077-A759-9ABE9EAAE565}.Release|Any CPU.Build.0 = Release|Any CPU
	EndGlobalSection
	GlobalSection(SolutionProperties) = preSolution
		HideSolutionNode = FALSE
	EndGlobalSection
	GlobalSection(ExtensibilityGlobals) = postSolution
		SolutionGuid = {3AED133E-9B2F-4867-823F-AC4632435160}
	EndGlobalSection
EndGlobal
